{
  "version": 4,
  "terraform_version": "1.14.6",
  "serial": 36,
  "lineage": "2ca49401-7aac-5d07-6a50-46142a0e8f1b",
  "outputs": {
    "admin_password": {
      "value": "oMD0+8%*vzd*z!FWqK\u0026J",
      "type": "string",
      "sensitive": true
    },
    "firewall_management_ips": {
      "value": {
        "fw-palo-01": {
          "primary": {
            "public_ip": "20.167.41.160"
          }
        },
        "fw-palo-02": {
          "primary": {
            "public_ip": "20.213.187.48"
          }
        }
      },
      "type": [
        "object",
        {
          "fw-palo-01": [
            "object",
            {
              "primary": [
                "object",
                {
                  "public_ip": "string"
                }
              ]
            }
          ],
          "fw-palo-02": [
            "object",
            {
              "primary": [
                "object",
                {
                  "public_ip": "string"
                }
              ]
            }
          ]
        }
      ]
    },
    "nat_gateway_ip": {
      "value": "20.28.179.89",
      "type": "string"
    }
  },
  "resources": [
    {
      "mode": "managed",
      "type": "azurerm_nat_gateway",
      "name": "nat",
      "provider": "provider[\"registry.terraform.io/hashicorp/azurerm\"]",
      "instances": [
        {
          "schema_version": 0,
          "attributes": {
            "id": "/subscriptions/dfe6d6ce-29bf-4977-8945-4fcde74032c6/resourceGroups/palo-testharness-rg/providers/Microsoft.Network/natGateways/natgw-palo-implementation",
            "idle_timeout_in_minutes": 4,
            "location": "australiaeast",
            "name": "natgw-palo-implementation",
            "resource_group_name": "palo-testharness-rg",
            "resource_guid": "b35d0f3f-4acc-4c48-bef7-67c70d844089",
            "sku_name": "Standard",
            "tags": {},
            "timeouts": null,
            "zones": []
          },
          "sensitive_attributes": [],
          "identity_schema_version": 0,
          "identity": {
            "name": "natgw-palo-implementation",
            "resource_group_name": "palo-testharness-rg",
            "subscription_id": "dfe6d6ce-29bf-4977-8945-4fcde74032c6"
          },
          "private": "eyJlMmJmYjczMC1lY2FhLTExZTYtOGY4OC0zNDM2M2JjN2M0YzAiOnsiY3JlYXRlIjozNjAwMDAwMDAwMDAwLCJkZWxldGUiOjM2MDAwMDAwMDAwMDAsInJlYWQiOjMwMDAwMDAwMDAwMCwidXBkYXRlIjozNjAwMDAwMDAwMDAwfX0=",
          "dependencies": [
            "azurerm_resource_group.rg"
          ]
        }
      ]
    },
    {
      "mode": "managed",
      "type": "azurerm_nat_gateway_public_ip_association",
      "name": "nat_pip",
      "provider": "provider[\"registry.terraform.io/hashicorp/azurerm\"]",
      "instances": [
        {
          "schema_version": 0,
          "attributes": {
            "id": "/subscriptions/dfe6d6ce-29bf-4977-8945-4fcde74032c6/resourceGroups/palo-testharness-rg/providers/Microsoft.Network/natGateways/natgw-palo-implementation|/subscriptions/dfe6d6ce-29bf-4977-8945-4fcde74032c6/resourceGroups/palo-testharness-rg/providers/Microsoft.Network/publicIPAddresses/pip-nat-gateway",
            "nat_gateway_id": "/subscriptions/dfe6d6ce-29bf-4977-8945-4fcde74032c6/resourceGroups/palo-testharness-rg/providers/Microsoft.Network/natGateways/natgw-palo-implementation",
            "public_ip_address_id": "/subscriptions/dfe6d6ce-29bf-4977-8945-4fcde74032c6/resourceGroups/palo-testharness-rg/providers/Microsoft.Network/publicIPAddresses/pip-nat-gateway",
            "timeouts": null
          },
          "sensitive_attributes": [],
          "identity_schema_version": 0,
          "private": "eyJlMmJmYjczMC1lY2FhLTExZTYtOGY4OC0zNDM2M2JjN2M0YzAiOnsiY3JlYXRlIjoxODAwMDAwMDAwMDAwLCJkZWxldGUiOjE4MDAwMDAwMDAwMDAsInJlYWQiOjMwMDAwMDAwMDAwMH19",
          "dependencies": [
            "azurerm_nat_gateway.nat",
            "azurerm_public_ip.nat_pip",
            "azurerm_resource_group.rg"
          ]
        }
      ]
    },
    {
      "mode": "managed",
      "type": "azurerm_public_ip",
      "name": "nat_pip",
      "provider": "provider[\"registry.terraform.io/hashicorp/azurerm\"]",
      "instances": [
        {
          "schema_version": 0,
          "attributes": {
            "allocation_method": "Static",
            "ddos_protection_mode": "VirtualNetworkInherited",
            "ddos_protection_plan_id": null,
            "domain_name_label": null,
            "domain_name_label_scope": null,
            "edge_zone": "",
            "fqdn": null,
            "id": "/subscriptions/dfe6d6ce-29bf-4977-8945-4fcde74032c6/resourceGroups/palo-testharness-rg/providers/Microsoft.Network/publicIPAddresses/pip-nat-gateway",
            "idle_timeout_in_minutes": 4,
            "ip_address": "20.28.179.89",
            "ip_tags": {},
            "ip_version": "IPv4",
            "location": "australiaeast",
            "name": "pip-nat-gateway",
            "public_ip_prefix_id": null,
            "resource_group_name": "palo-testharness-rg",
            "reverse_fqdn": null,
            "sku": "Standard",
            "sku_tier": "Regional",
            "tags": {},
            "timeouts": null,
            "zones": []
          },
          "sensitive_attributes": [],
          "identity_schema_version": 0,
          "identity": {
            "name": "pip-nat-gateway",
            "resource_group_name": "palo-testharness-rg",
            "subscription_id": "dfe6d6ce-29bf-4977-8945-4fcde74032c6"
          },
          "private": "eyJlMmJmYjczMC1lY2FhLTExZTYtOGY4OC0zNDM2M2JjN2M0YzAiOnsiY3JlYXRlIjoxODAwMDAwMDAwMDAwLCJkZWxldGUiOjE4MDAwMDAwMDAwMDAsInJlYWQiOjMwMDAwMDAwMDAwMCwidXBkYXRlIjoxODAwMDAwMDAwMDAwfX0=",
          "dependencies": [
            "azurerm_resource_group.rg"
          ]
        }
      ]
    },
    {
      "mode": "managed",
      "type": "azurerm_resource_group",
      "name": "rg",
      "provider": "provider[\"registry.terraform.io/hashicorp/azurerm\"]",
      "instances": [
        {
          "schema_version": 0,
          "attributes": {
            "id": "/subscriptions/dfe6d6ce-29bf-4977-8945-4fcde74032c6/resourceGroups/palo-testharness-rg",
            "location": "australiaeast",
            "managed_by": "",
            "name": "palo-testharness-rg",
            "tags": {},
            "timeouts": null
          },
          "sensitive_attributes": [],
          "identity_schema_version": 0,
          "identity": {
            "name": "palo-testharness-rg",
            "subscription_id": "dfe6d6ce-29bf-4977-8945-4fcde74032c6"
          },
          "private": "eyJlMmJmYjczMC1lY2FhLTExZTYtOGY4OC0zNDM2M2JjN2M0YzAiOnsiY3JlYXRlIjo1NDAwMDAwMDAwMDAwLCJkZWxldGUiOjU0MDAwMDAwMDAwMDAsInJlYWQiOjMwMDAwMDAwMDAwMCwidXBkYXRlIjo1NDAwMDAwMDAwMDAwfX0="
        }
      ]
    },
    {
      "mode": "managed",
      "type": "azurerm_subnet",
      "name": "management",
      "provider": "provider[\"registry.terraform.io/hashicorp/azurerm\"]",
      "instances": [
        {
          "schema_version": 0,
          "attributes": {
            "address_prefixes": [
              "10.0.0.0/24"
            ],
            "default_outbound_access_enabled": true,
            "delegation": [],
            "id": "/subscriptions/dfe6d6ce-29bf-4977-8945-4fcde74032c6/resourceGroups/palo-testharness-rg/providers/Microsoft.Network/virtualNetworks/rmit-palo-test-vnet/subnets/sn-firewalls-management",
            "ip_address_pool": [],
            "name": "sn-firewalls-management",
            "private_endpoint_network_policies": "Disabled",
            "private_link_service_network_policies_enabled": true,
            "resource_group_name": "palo-testharness-rg",
            "service_endpoint_policy_ids": [],
            "service_endpoints": [],
            "sharing_scope": "",
            "timeouts": null,
            "virtual_network_name": "rmit-palo-test-vnet"
          },
          "sensitive_attributes": [],
          "identity_schema_version": 0,
          "identity": {
            "name": "sn-firewalls-management",
            "resource_group_name": "palo-testharness-rg",
            "subscription_id": "dfe6d6ce-29bf-4977-8945-4fcde74032c6",
            "virtual_network_name": "rmit-palo-test-vnet"
          },
          "private": "eyJlMmJmYjczMC1lY2FhLTExZTYtOGY4OC0zNDM2M2JjN2M0YzAiOnsiY3JlYXRlIjoxODAwMDAwMDAwMDAwLCJkZWxldGUiOjE4MDAwMDAwMDAwMDAsInJlYWQiOjMwMDAwMDAwMDAwMCwidXBkYXRlIjoxODAwMDAwMDAwMDAwfX0=",
          "dependencies": [
            "azurerm_resource_group.rg",
            "azurerm_virtual_network.vnet"
          ]
        }
      ]
    },
    {
      "mode": "managed",
      "type": "azurerm_subnet",
      "name": "private",
      "provider": "provider[\"registry.terraform.io/hashicorp/azurerm\"]",
      "instances": [
        {
          "schema_version": 0,
          "attributes": {
            "address_prefixes": [
              "10.0.1.0/24"
            ],
            "default_outbound_access_enabled": true,
            "delegation": [],
            "id": "/subscriptions/dfe6d6ce-29bf-4977-8945-4fcde74032c6/resourceGroups/palo-testharness-rg/providers/Microsoft.Network/virtualNetworks/rmit-palo-test-vnet/subnets/sn-firewalls-private",
            "ip_address_pool": [],
            "name": "sn-firewalls-private",
            "private_endpoint_network_policies": "Disabled",
            "private_link_service_network_policies_enabled": true,
            "resource_group_name": "palo-testharness-rg",
            "service_endpoint_policy_ids": [],
            "service_endpoints": [],
            "sharing_scope": "",
            "timeouts": null,
            "virtual_network_name": "rmit-palo-test-vnet"
          },
          "sensitive_attributes": [],
          "identity_schema_version": 0,
          "identity": {
            "name": "sn-firewalls-private",
            "resource_group_name": "palo-testharness-rg",
            "subscription_id": "dfe6d6ce-29bf-4977-8945-4fcde74032c6",
            "virtual_network_name": "rmit-palo-test-vnet"
          },
          "private": "eyJlMmJmYjczMC1lY2FhLTExZTYtOGY4OC0zNDM2M2JjN2M0YzAiOnsiY3JlYXRlIjoxODAwMDAwMDAwMDAwLCJkZWxldGUiOjE4MDAwMDAwMDAwMDAsInJlYWQiOjMwMDAwMDAwMDAwMCwidXBkYXRlIjoxODAwMDAwMDAwMDAwfX0=",
          "dependencies": [
            "azurerm_resource_group.rg",
            "azurerm_virtual_network.vnet"
          ]
        }
      ]
    },
    {
      "mode": "managed",
      "type": "azurerm_subnet",
      "name": "public",
      "provider": "provider[\"registry.terraform.io/hashicorp/azurerm\"]",
      "instances": [
        {
          "schema_version": 0,
          "attributes": {
            "address_prefixes": [
              "10.0.2.0/24"
            ],
            "default_outbound_access_enabled": true,
            "delegation": [],
            "id": "/subscriptions/dfe6d6ce-29bf-4977-8945-4fcde74032c6/resourceGroups/palo-testharness-rg/providers/Microsoft.Network/virtualNetworks/rmit-palo-test-vnet/subnets/sn-firewalls-public",
            "ip_address_pool": [],
            "name": "sn-firewalls-public",
            "private_endpoint_network_policies": "Disabled",
            "private_link_service_network_policies_enabled": true,
            "resource_group_name": "palo-testharness-rg",
            "service_endpoint_policy_ids": [],
            "service_endpoints": [],
            "sharing_scope": "",
            "timeouts": null,
            "virtual_network_name": "rmit-palo-test-vnet"
          },
          "sensitive_attributes": [],
          "identity_schema_version": 0,
          "identity": {
            "name": "sn-firewalls-public",
            "resource_group_name": "palo-testharness-rg",
            "subscription_id": "dfe6d6ce-29bf-4977-8945-4fcde74032c6",
            "virtual_network_name": "rmit-palo-test-vnet"
          },
          "private": "eyJlMmJmYjczMC1lY2FhLTExZTYtOGY4OC0zNDM2M2JjN2M0YzAiOnsiY3JlYXRlIjoxODAwMDAwMDAwMDAwLCJkZWxldGUiOjE4MDAwMDAwMDAwMDAsInJlYWQiOjMwMDAwMDAwMDAwMCwidXBkYXRlIjoxODAwMDAwMDAwMDAwfX0=",
          "dependencies": [
            "azurerm_resource_group.rg",
            "azurerm_virtual_network.vnet"
          ]
        }
      ]
    },
    {
      "mode": "managed",
      "type": "azurerm_subnet_nat_gateway_association",
      "name": "management",
      "provider": "provider[\"registry.terraform.io/hashicorp/azurerm\"]",
      "instances": [
        {
          "schema_version": 0,
          "attributes": {
            "id": "/subscriptions/dfe6d6ce-29bf-4977-8945-4fcde74032c6/resourceGroups/palo-testharness-rg/providers/Microsoft.Network/virtualNetworks/rmit-palo-test-vnet/subnets/sn-firewalls-management",
            "nat_gateway_id": "/subscriptions/dfe6d6ce-29bf-4977-8945-4fcde74032c6/resourceGroups/palo-testharness-rg/providers/Microsoft.Network/natGateways/natgw-palo-implementation",
            "subnet_id": "/subscriptions/dfe6d6ce-29bf-4977-8945-4fcde74032c6/resourceGroups/palo-testharness-rg/providers/Microsoft.Network/virtualNetworks/rmit-palo-test-vnet/subnets/sn-firewalls-management",
            "timeouts": null
          },
          "sensitive_attributes": [],
          "identity_schema_version": 0,
          "private": "eyJlMmJmYjczMC1lY2FhLTExZTYtOGY4OC0zNDM2M2JjN2M0YzAiOnsiY3JlYXRlIjoxODAwMDAwMDAwMDAwLCJkZWxldGUiOjE4MDAwMDAwMDAwMDAsInJlYWQiOjMwMDAwMDAwMDAwMH19",
          "dependencies": [
            "azurerm_nat_gateway.nat",
            "azurerm_resource_group.rg",
            "azurerm_subnet.management",
            "azurerm_virtual_network.vnet"
          ]
        }
      ]
    },
    {
      "mode": "managed",
      "type": "azurerm_virtual_network",
      "name": "vnet",
      "provider": "provider[\"registry.terraform.io/hashicorp/azurerm\"]",
      "instances": [
        {
          "schema_version": 0,
          "attributes": {
            "address_space": [
              "10.0.0.0/16"
            ],
            "bgp_community": "",
            "ddos_protection_plan": [],
            "dns_servers": [],
            "edge_zone": "",
            "encryption": [],
            "flow_timeout_in_minutes": 0,
            "guid": "541925c1-122a-4553-96af-acbf23388fa9",
            "id": "/subscriptions/dfe6d6ce-29bf-4977-8945-4fcde74032c6/resourceGroups/palo-testharness-rg/providers/Microsoft.Network/virtualNetworks/rmit-palo-test-vnet",
            "ip_address_pool": [],
            "location": "australiaeast",
            "name": "rmit-palo-test-vnet",
            "private_endpoint_vnet_policies": "Disabled",
            "resource_group_name": "palo-testharness-rg",
            "subnet": [
              {
                "address_prefixes": [
                  "10.0.0.0/24"
                ],
                "default_outbound_access_enabled": true,
                "delegation": [],
                "id": "/subscriptions/dfe6d6ce-29bf-4977-8945-4fcde74032c6/resourceGroups/palo-testharness-rg/providers/Microsoft.Network/virtualNetworks/rmit-palo-test-vnet/subnets/sn-firewalls-management",
                "name": "sn-firewalls-management",
                "private_endpoint_network_policies": "Disabled",
                "private_link_service_network_policies_enabled": true,
                "route_table_id": "",
                "security_group": "",
                "service_endpoint_policy_ids": [],
                "service_endpoints": []
              },
              {
                "address_prefixes": [
                  "10.0.1.0/24"
                ],
                "default_outbound_access_enabled": true,
                "delegation": [],
                "id": "/subscriptions/dfe6d6ce-29bf-4977-8945-4fcde74032c6/resourceGroups/palo-testharness-rg/providers/Microsoft.Network/virtualNetworks/rmit-palo-test-vnet/subnets/sn-firewalls-private",
                "name": "sn-firewalls-private",
                "private_endpoint_network_policies": "Disabled",
                "private_link_service_network_policies_enabled": true,
                "route_table_id": "",
                "security_group": "",
                "service_endpoint_policy_ids": [],
                "service_endpoints": []
              },
              {
                "address_prefixes": [
                  "10.0.2.0/24"
                ],
                "default_outbound_access_enabled": true,
                "delegation": [],
                "id": "/subscriptions/dfe6d6ce-29bf-4977-8945-4fcde74032c6/resourceGroups/palo-testharness-rg/providers/Microsoft.Network/virtualNetworks/rmit-palo-test-vnet/subnets/sn-firewalls-public",
                "name": "sn-firewalls-public",
                "private_endpoint_network_policies": "Disabled",
                "private_link_service_network_policies_enabled": true,
                "route_table_id": "",
                "security_group": "",
                "service_endpoint_policy_ids": [],
                "service_endpoints": []
              }
            ],
            "tags": {},
            "timeouts": null
          },
          "sensitive_attributes": [],
          "identity_schema_version": 0,
          "identity": {
            "name": "rmit-palo-test-vnet",
            "resource_group_name": "palo-testharness-rg",
            "subscription_id": "dfe6d6ce-29bf-4977-8945-4fcde74032c6"
          },
          "private": "eyJlMmJmYjczMC1lY2FhLTExZTYtOGY4OC0zNDM2M2JjN2M0YzAiOnsiY3JlYXRlIjoxODAwMDAwMDAwMDAwLCJkZWxldGUiOjE4MDAwMDAwMDAwMDAsInJlYWQiOjMwMDAwMDAwMDAwMCwidXBkYXRlIjoxODAwMDAwMDAwMDAwfX0=",
          "dependencies": [
            "azurerm_resource_group.rg"
          ]
        }
      ]
    },
    {
      "mode": "managed",
      "type": "random_password",
      "name": "admin",
      "provider": "provider[\"registry.terraform.io/hashicorp/random\"]",
      "instances": [
        {
          "schema_version": 3,
          "attributes": {
            "bcrypt_hash": "$2a$10$adIK/verk.o8ekfVoNQY3OH./sbX.54HJQqmO89A/5Dfy9gbsid06",
            "id": "none",
            "keepers": null,
            "length": 20,
            "lower": true,
            "min_lower": 2,
            "min_numeric": 2,
            "min_special": 2,
            "min_upper": 2,
            "number": true,
            "numeric": true,
            "override_special": "!#$%\u0026*()-_=+?",
            "result": "oMD0+8%*vzd*z!FWqK\u0026J",
            "special": true,
            "upper": true
          },
          "sensitive_attributes": [
            [
              {
                "type": "get_attr",
                "value": "bcrypt_hash"
              }
            ],
            [
              {
                "type": "get_attr",
                "value": "result"
              }
            ]
          ],
          "identity_schema_version": 0
        }
      ]
    },
    {
      "module": "module.firewalls",
      "mode": "data",
      "type": "azurerm_subnet",
      "name": "management",
      "provider": "provider[\"registry.terraform.io/hashicorp/azurerm\"]",
      "instances": [
        {
          "schema_version": 0,
          "attributes": {
            "address_prefix": "10.0.0.0/24",
            "address_prefixes": [
              "10.0.0.0/24"
            ],
            "default_outbound_access_enabled": true,
            "id": "/subscriptions/dfe6d6ce-29bf-4977-8945-4fcde74032c6/resourceGroups/palo-testharness-rg/providers/Microsoft.Network/virtualNetworks/rmit-palo-test-vnet/subnets/sn-firewalls-management",
            "name": "sn-firewalls-management",
            "network_security_group_id": "",
            "private_endpoint_network_policies": "Disabled",
            "private_link_service_network_policies_enabled": true,
            "resource_group_name": "palo-testharness-rg",
            "route_table_id": "",
            "service_endpoints": [],
            "timeouts": null,
            "virtual_network_name": "rmit-palo-test-vnet"
          },
          "sensitive_attributes": [],
          "identity_schema_version": 0
        }
      ]
    },
    {
      "module": "module.firewalls",
      "mode": "data",
      "type": "azurerm_subnet",
      "name": "private",
      "provider": "provider[\"registry.terraform.io/hashicorp/azurerm\"]",
      "instances": [
        {
          "schema_version": 0,
          "attributes": {
            "address_prefix": "10.0.1.0/24",
            "address_prefixes": [
              "10.0.1.0/24"
            ],
            "default_outbound_access_enabled": true,
            "id": "/subscriptions/dfe6d6ce-29bf-4977-8945-4fcde74032c6/resourceGroups/palo-testharness-rg/providers/Microsoft.Network/virtualNetworks/rmit-palo-test-vnet/subnets/sn-firewalls-private",
            "name": "sn-firewalls-private",
            "network_security_group_id": "",
            "private_endpoint_network_policies": "Disabled",
            "private_link_service_network_policies_enabled": true,
            "resource_group_name": "palo-testharness-rg",
            "route_table_id": "",
            "service_endpoints": [],
            "timeouts": null,
            "virtual_network_name": "rmit-palo-test-vnet"
          },
          "sensitive_attributes": [],
          "identity_schema_version": 0
        }
      ]
    },
    {
      "module": "module.firewalls",
      "mode": "data",
      "type": "azurerm_subnet",
      "name": "public",
      "provider": "provider[\"registry.terraform.io/hashicorp/azurerm\"]",
      "instances": [
        {
          "schema_version": 0,
          "attributes": {
            "address_prefix": "10.0.2.0/24",
            "address_prefixes": [
              "10.0.2.0/24"
            ],
            "default_outbound_access_enabled": true,
            "id": "/subscriptions/dfe6d6ce-29bf-4977-8945-4fcde74032c6/resourceGroups/palo-testharness-rg/providers/Microsoft.Network/virtualNetworks/rmit-palo-test-vnet/subnets/sn-firewalls-public",
            "name": "sn-firewalls-public",
            "network_security_group_id": "",
            "private_endpoint_network_policies": "Disabled",
            "private_link_service_network_policies_enabled": true,
            "resource_group_name": "palo-testharness-rg",
            "route_table_id": "",
            "service_endpoints": [],
            "timeouts": null,
            "virtual_network_name": "rmit-palo-test-vnet"
          },
          "sensitive_attributes": [],
          "identity_schema_version": 0
        }
      ]
    },
    {
      "module": "module.firewalls",
      "mode": "data",
      "type": "azurerm_virtual_network",
      "name": "vnet",
      "provider": "provider[\"registry.terraform.io/hashicorp/azurerm\"]",
      "instances": [
        {
          "schema_version": 0,
          "attributes": {
            "address_space": [
              "10.0.0.0/16"
            ],
            "dns_servers": [],
            "guid": "541925c1-122a-4553-96af-acbf23388fa9",
            "id": "/subscriptions/dfe6d6ce-29bf-4977-8945-4fcde74032c6/resourceGroups/palo-testharness-rg/providers/Microsoft.Network/virtualNetworks/rmit-palo-test-vnet",
            "location": "australiaeast",
            "name": "rmit-palo-test-vnet",
            "resource_group_name": "palo-testharness-rg",
            "subnets": [
              "sn-firewalls-public",
              "sn-firewalls-private",
              "sn-firewalls-management"
            ],
            "tags": {},
            "timeouts": null,
            "vnet_peerings": {},
            "vnet_peerings_addresses": []
          },
          "sensitive_attributes": [],
          "identity_schema_version": 0
        }
      ]
    },
    {
      "module": "module.firewalls",
      "mode": "managed",
      "type": "azurerm_resource_group",
      "name": "firewalls",
      "provider": "provider[\"registry.terraform.io/hashicorp/azurerm\"]",
      "instances": [
        {
          "schema_version": 0,
          "attributes": {
            "id": "/subscriptions/dfe6d6ce-29bf-4977-8945-4fcde74032c6/resourceGroups/rmit-paloalto-rg",
            "location": "australiaeast",
            "managed_by": "",
            "name": "rmit-paloalto-rg",
            "tags": {},
            "timeouts": null
          },
          "sensitive_attributes": [],
          "identity_schema_version": 0,
          "identity": {
            "name": "rmit-paloalto-rg",
            "subscription_id": "dfe6d6ce-29bf-4977-8945-4fcde74032c6"
          },
          "private": "eyJlMmJmYjczMC1lY2FhLTExZTYtOGY4OC0zNDM2M2JjN2M0YzAiOnsiY3JlYXRlIjo1NDAwMDAwMDAwMDAwLCJkZWxldGUiOjU0MDAwMDAwMDAwMDAsInJlYWQiOjMwMDAwMDAwMDAwMCwidXBkYXRlIjo1NDAwMDAwMDAwMDAwfX0=",
          "dependencies": [
            "azurerm_nat_gateway.nat",
            "azurerm_resource_group.rg",
            "azurerm_subnet.management",
            "azurerm_subnet.private",
            "azurerm_subnet.public",
            "azurerm_subnet_nat_gateway_association.management",
            "azurerm_virtual_network.vnet"
          ]
        }
      ]
    },
    {
      "module": "module.firewalls.module.vmseries[\"fw-palo-01\"]",
      "mode": "data",
      "type": "azurerm_public_ip",
      "name": "this",
      "provider": "provider[\"registry.terraform.io/hashicorp/azurerm\"]",
      "instances": []
    },
    {
      "module": "module.firewalls.module.vmseries[\"fw-palo-01\"]",
      "mode": "managed",
      "type": "azurerm_network_interface",
      "name": "this",
      "provider": "provider[\"registry.terraform.io/hashicorp/azurerm\"]",
      "instances": [
        {
          "index_key": "fw-palo-01-mgmt",
          "schema_version": 0,
          "attributes": {
            "accelerated_networking_enabled": false,
            "applied_dns_servers": [],
            "auxiliary_mode": "",
            "auxiliary_sku": "",
            "dns_servers": [],
            "edge_zone": "",
            "id": "/subscriptions/dfe6d6ce-29bf-4977-8945-4fcde74032c6/resourceGroups/rmit-paloalto-rg/providers/Microsoft.Network/networkInterfaces/fw-palo-01-mgmt",
            "internal_dns_name_label": "",
            "internal_domain_name_suffix": "yesrsvbkcjjulfvpvs5sgoepvb.px.internal.cloudapp.net",
            "ip_configuration": [
              {
                "gateway_load_balancer_frontend_ip_configuration_id": "",
                "name": "primary",
                "primary": true,
                "private_ip_address": "10.0.0.4",
                "private_ip_address_allocation": "Dynamic",
                "private_ip_address_version": "IPv4",
                "public_ip_address_id": "/subscriptions/dfe6d6ce-29bf-4977-8945-4fcde74032c6/resourceGroups/rmit-paloalto-rg/providers/Microsoft.Network/publicIPAddresses/pip-fw-palo-01-mgmt",
                "subnet_id": "/subscriptions/dfe6d6ce-29bf-4977-8945-4fcde74032c6/resourceGroups/palo-testharness-rg/providers/Microsoft.Network/virtualNetworks/rmit-palo-test-vnet/subnets/sn-firewalls-management"
              }
            ],
            "ip_forwarding_enabled": false,
            "location": "australiaeast",
            "mac_address": "",
            "name": "fw-palo-01-mgmt",
            "private_ip_address": "10.0.0.4",
            "private_ip_addresses": [
              "10.0.0.4"
            ],
            "resource_group_name": "rmit-paloalto-rg",
            "tags": {},
            "timeouts": null,
            "virtual_machine_id": ""
          },
          "sensitive_attributes": [],
          "identity_schema_version": 0,
          "identity": {
            "name": "fw-palo-01-mgmt",
            "resource_group_name": "rmit-paloalto-rg",
            "subscription_id": "dfe6d6ce-29bf-4977-8945-4fcde74032c6"
          },
          "private": "eyJlMmJmYjczMC1lY2FhLTExZTYtOGY4OC0zNDM2M2JjN2M0YzAiOnsiY3JlYXRlIjoxODAwMDAwMDAwMDAwLCJkZWxldGUiOjE4MDAwMDAwMDAwMDAsInJlYWQiOjMwMDAwMDAwMDAwMCwidXBkYXRlIjoxODAwMDAwMDAwMDAwfX0=",
          "dependencies": [
            "azurerm_nat_gateway.nat",
            "azurerm_resource_group.rg",
            "azurerm_subnet.management",
            "azurerm_subnet.private",
            "azurerm_subnet.public",
            "azurerm_subnet_nat_gateway_association.management",
            "azurerm_virtual_network.vnet",
            "module.firewalls.azurerm_resource_group.firewalls",
            "module.firewalls.data.azurerm_subnet.management",
            "module.firewalls.data.azurerm_subnet.private",
            "module.firewalls.data.azurerm_subnet.public",
            "module.firewalls.data.azurerm_virtual_network.vnet",
            "module.firewalls.module.vmseries.azurerm_public_ip.this",
            "module.firewalls.module.vmseries.data.azurerm_public_ip.this"
          ]
        },
        {
          "index_key": "fw-palo-01-private",
          "schema_version": 0,
          "attributes": {
            "accelerated_networking_enabled": true,
            "applied_dns_servers": [],
            "auxiliary_mode": "",
            "auxiliary_sku": "",
            "dns_servers": [],
            "edge_zone": "",
            "id": "/subscriptions/dfe6d6ce-29bf-4977-8945-4fcde74032c6/resourceGroups/rmit-paloalto-rg/providers/Microsoft.Network/networkInterfaces/fw-palo-01-private",
            "internal_dns_name_label": "",
            "internal_domain_name_suffix": "yesrsvbkcjjulfvpvs5sgoepvb.px.internal.cloudapp.net",
            "ip_configuration": [
              {
                "gateway_load_balancer_frontend_ip_configuration_id": "",
                "name": "primary",
                "primary": true,
                "private_ip_address": "10.0.1.5",
                "private_ip_address_allocation": "Dynamic",
                "private_ip_address_version": "IPv4",
                "public_ip_address_id": "",
                "subnet_id": "/subscriptions/dfe6d6ce-29bf-4977-8945-4fcde74032c6/resourceGroups/palo-testharness-rg/providers/Microsoft.Network/virtualNetworks/rmit-palo-test-vnet/subnets/sn-firewalls-private"
              }
            ],
            "ip_forwarding_enabled": true,
            "location": "australiaeast",
            "mac_address": "",
            "name": "fw-palo-01-private",
            "private_ip_address": "10.0.1.5",
            "private_ip_addresses": [
              "10.0.1.5"
            ],
            "resource_group_name": "rmit-paloalto-rg",
            "tags": {},
            "timeouts": null,
            "virtual_machine_id": ""
          },
          "sensitive_attributes": [],
          "identity_schema_version": 0,
          "identity": {
            "name": "fw-palo-01-private",
            "resource_group_name": "rmit-paloalto-rg",
            "subscription_id": "dfe6d6ce-29bf-4977-8945-4fcde74032c6"
          },
          "private": "eyJlMmJmYjczMC1lY2FhLTExZTYtOGY4OC0zNDM2M2JjN2M0YzAiOnsiY3JlYXRlIjoxODAwMDAwMDAwMDAwLCJkZWxldGUiOjE4MDAwMDAwMDAwMDAsInJlYWQiOjMwMDAwMDAwMDAwMCwidXBkYXRlIjoxODAwMDAwMDAwMDAwfX0=",
          "dependencies": [
            "azurerm_nat_gateway.nat",
            "azurerm_resource_group.rg",
            "azurerm_subnet.management",
            "azurerm_subnet.private",
            "azurerm_subnet.public",
            "azurerm_subnet_nat_gateway_association.management",
            "azurerm_virtual_network.vnet",
            "module.firewalls.azurerm_resource_group.firewalls",
            "module.firewalls.data.azurerm_subnet.management",
            "module.firewalls.data.azurerm_subnet.private",
            "module.firewalls.data.azurerm_subnet.public",
            "module.firewalls.data.azurerm_virtual_network.vnet",
            "module.firewalls.module.vmseries.azurerm_public_ip.this",
            "module.firewalls.module.vmseries.data.azurerm_public_ip.this"
          ]
        },
        {
          "index_key": "fw-palo-01-public",
          "schema_version": 0,
          "attributes": {
            "accelerated_networking_enabled": true,
            "applied_dns_servers": [],
            "auxiliary_mode": "",
            "auxiliary_sku": "",
            "dns_servers": [],
            "edge_zone": "",
            "id": "/subscriptions/dfe6d6ce-29bf-4977-8945-4fcde74032c6/resourceGroups/rmit-paloalto-rg/providers/Microsoft.Network/networkInterfaces/fw-palo-01-public",
            "internal_dns_name_label": "",
            "internal_domain_name_suffix": "yesrsvbkcjjulfvpvs5sgoepvb.px.internal.cloudapp.net",
            "ip_configuration": [
              {
                "gateway_load_balancer_frontend_ip_configuration_id": "",
                "name": "primary",
                "primary": true,
                "private_ip_address": "10.0.2.5",
                "private_ip_address_allocation": "Dynamic",
                "private_ip_address_version": "IPv4",
                "public_ip_address_id": "",
                "subnet_id": "/subscriptions/dfe6d6ce-29bf-4977-8945-4fcde74032c6/resourceGroups/palo-testharness-rg/providers/Microsoft.Network/virtualNetworks/rmit-palo-test-vnet/subnets/sn-firewalls-public"
              }
            ],
            "ip_forwarding_enabled": true,
            "location": "australiaeast",
            "mac_address": "",
            "name": "fw-palo-01-public",
            "private_ip_address": "10.0.2.5",
            "private_ip_addresses": [
              "10.0.2.5"
            ],
            "resource_group_name": "rmit-paloalto-rg",
            "tags": {},
            "timeouts": null,
            "virtual_machine_id": ""
          },
          "sensitive_attributes": [],
          "identity_schema_version": 0,
          "identity": {
            "name": "fw-palo-01-public",
            "resource_group_name": "rmit-paloalto-rg",
            "subscription_id": "dfe6d6ce-29bf-4977-8945-4fcde74032c6"
          },
          "private": "eyJlMmJmYjczMC1lY2FhLTExZTYtOGY4OC0zNDM2M2JjN2M0YzAiOnsiY3JlYXRlIjoxODAwMDAwMDAwMDAwLCJkZWxldGUiOjE4MDAwMDAwMDAwMDAsInJlYWQiOjMwMDAwMDAwMDAwMCwidXBkYXRlIjoxODAwMDAwMDAwMDAwfX0=",
          "dependencies": [
            "azurerm_nat_gateway.nat",
            "azurerm_resource_group.rg",
            "azurerm_subnet.management",
            "azurerm_subnet.private",
            "azurerm_subnet.public",
            "azurerm_subnet_nat_gateway_association.management",
            "azurerm_virtual_network.vnet",
            "module.firewalls.azurerm_resource_group.firewalls",
            "module.firewalls.data.azurerm_subnet.management",
            "module.firewalls.data.azurerm_subnet.private",
            "module.firewalls.data.azurerm_subnet.public",
            "module.firewalls.data.azurerm_virtual_network.vnet",
            "module.firewalls.module.vmseries.azurerm_public_ip.this",
            "module.firewalls.module.vmseries.data.azurerm_public_ip.this"
          ]
        }
      ]
    },
    {
      "module": "module.firewalls.module.vmseries[\"fw-palo-01\"]",
      "mode": "managed",
      "type": "azurerm_public_ip",
      "name": "this",
      "provider": "provider[\"registry.terraform.io/hashicorp/azurerm\"]",
      "instances": [
        {
          "index_key": "fw-palo-01-mgmt-primary",
          "schema_version": 0,
          "attributes": {
            "allocation_method": "Static",
            "ddos_protection_mode": "VirtualNetworkInherited",
            "ddos_protection_plan_id": null,
            "domain_name_label": null,
            "domain_name_label_scope": null,
            "edge_zone": "",
            "fqdn": null,
            "id": "/subscriptions/dfe6d6ce-29bf-4977-8945-4fcde74032c6/resourceGroups/rmit-paloalto-rg/providers/Microsoft.Network/publicIPAddresses/pip-fw-palo-01-mgmt",
            "idle_timeout_in_minutes": 4,
            "ip_address": "20.167.41.160",
            "ip_tags": {},
            "ip_version": "IPv4",
            "location": "australiaeast",
            "name": "pip-fw-palo-01-mgmt",
            "public_ip_prefix_id": null,
            "resource_group_name": "rmit-paloalto-rg",
            "reverse_fqdn": null,
            "sku": "Standard",
            "sku_tier": "Regional",
            "tags": {},
            "timeouts": null,
            "zones": [
              "1"
            ]
          },
          "sensitive_attributes": [],
          "identity_schema_version": 0,
          "identity": {
            "name": "pip-fw-palo-01-mgmt",
            "resource_group_name": "rmit-paloalto-rg",
            "subscription_id": "dfe6d6ce-29bf-4977-8945-4fcde74032c6"
          },
          "private": "eyJlMmJmYjczMC1lY2FhLTExZTYtOGY4OC0zNDM2M2JjN2M0YzAiOnsiY3JlYXRlIjoxODAwMDAwMDAwMDAwLCJkZWxldGUiOjE4MDAwMDAwMDAwMDAsInJlYWQiOjMwMDAwMDAwMDAwMCwidXBkYXRlIjoxODAwMDAwMDAwMDAwfX0=",
          "dependencies": [
            "azurerm_nat_gateway.nat",
            "azurerm_resource_group.rg",
            "azurerm_subnet.management",
            "azurerm_subnet.private",
            "azurerm_subnet.public",
            "azurerm_subnet_nat_gateway_association.management",
            "azurerm_virtual_network.vnet",
            "module.firewalls.azurerm_resource_group.firewalls",
            "module.firewalls.data.azurerm_subnet.management",
            "module.firewalls.data.azurerm_subnet.private",
            "module.firewalls.data.azurerm_subnet.public",
            "module.firewalls.data.azurerm_virtual_network.vnet"
          ]
        }
      ]
    },
    {
      "module": "module.firewalls.module.vmseries[\"fw-palo-02\"]",
      "mode": "data",
      "type": "azurerm_public_ip",
      "name": "this",
      "provider": "provider[\"registry.terraform.io/hashicorp/azurerm\"]",
      "instances": []
    },
    {
      "module": "module.firewalls.module.vmseries[\"fw-palo-02\"]",
      "mode": "managed",
      "type": "azurerm_network_interface",
      "name": "this",
      "provider": "provider[\"registry.terraform.io/hashicorp/azurerm\"]",
      "instances": [
        {
          "index_key": "fw-palo-02-mgmt",
          "schema_version": 0,
          "attributes": {
            "accelerated_networking_enabled": false,
            "applied_dns_servers": [],
            "auxiliary_mode": "",
            "auxiliary_sku": "",
            "dns_servers": [],
            "edge_zone": "",
            "id": "/subscriptions/dfe6d6ce-29bf-4977-8945-4fcde74032c6/resourceGroups/rmit-paloalto-rg/providers/Microsoft.Network/networkInterfaces/fw-palo-02-mgmt",
            "internal_dns_name_label": "",
            "internal_domain_name_suffix": "yesrsvbkcjjulfvpvs5sgoepvb.px.internal.cloudapp.net",
            "ip_configuration": [
              {
                "gateway_load_balancer_frontend_ip_configuration_id": "",
                "name": "primary",
                "primary": true,
                "private_ip_address": "10.0.0.5",
                "private_ip_address_allocation": "Dynamic",
                "private_ip_address_version": "IPv4",
                "public_ip_address_id": "/subscriptions/dfe6d6ce-29bf-4977-8945-4fcde74032c6/resourceGroups/rmit-paloalto-rg/providers/Microsoft.Network/publicIPAddresses/pip-fw-palo-02-mgmt",
                "subnet_id": "/subscriptions/dfe6d6ce-29bf-4977-8945-4fcde74032c6/resourceGroups/palo-testharness-rg/providers/Microsoft.Network/virtualNetworks/rmit-palo-test-vnet/subnets/sn-firewalls-management"
              }
            ],
            "ip_forwarding_enabled": false,
            "location": "australiaeast",
            "mac_address": "",
            "name": "fw-palo-02-mgmt",
            "private_ip_address": "10.0.0.5",
            "private_ip_addresses": [
              "10.0.0.5"
            ],
            "resource_group_name": "rmit-paloalto-rg",
            "tags": {},
            "timeouts": null,
            "virtual_machine_id": ""
          },
          "sensitive_attributes": [],
          "identity_schema_version": 0,
          "identity": {
            "name": "fw-palo-02-mgmt",
            "resource_group_name": "rmit-paloalto-rg",
            "subscription_id": "dfe6d6ce-29bf-4977-8945-4fcde74032c6"
          },
          "private": "eyJlMmJmYjczMC1lY2FhLTExZTYtOGY4OC0zNDM2M2JjN2M0YzAiOnsiY3JlYXRlIjoxODAwMDAwMDAwMDAwLCJkZWxldGUiOjE4MDAwMDAwMDAwMDAsInJlYWQiOjMwMDAwMDAwMDAwMCwidXBkYXRlIjoxODAwMDAwMDAwMDAwfX0=",
          "dependencies": [
            "azurerm_nat_gateway.nat",
            "azurerm_resource_group.rg",
            "azurerm_subnet.management",
            "azurerm_subnet.private",
            "azurerm_subnet.public",
            "azurerm_subnet_nat_gateway_association.management",
            "azurerm_virtual_network.vnet",
            "module.firewalls.azurerm_resource_group.firewalls",
            "module.firewalls.data.azurerm_subnet.management",
            "module.firewalls.data.azurerm_subnet.private",
            "module.firewalls.data.azurerm_subnet.public",
            "module.firewalls.data.azurerm_virtual_network.vnet",
            "module.firewalls.module.vmseries.azurerm_public_ip.this",
            "module.firewalls.module.vmseries.data.azurerm_public_ip.this"
          ]
        },
        {
          "index_key": "fw-palo-02-private",
          "schema_version": 0,
          "attributes": {
            "accelerated_networking_enabled": true,
            "applied_dns_servers": [],
            "auxiliary_mode": "",
            "auxiliary_sku": "",
            "dns_servers": [],
            "edge_zone": "",
            "id": "/subscriptions/dfe6d6ce-29bf-4977-8945-4fcde74032c6/resourceGroups/rmit-paloalto-rg/providers/Microsoft.Network/networkInterfaces/fw-palo-02-private",
            "internal_dns_name_label": "",
            "internal_domain_name_suffix": "yesrsvbkcjjulfvpvs5sgoepvb.px.internal.cloudapp.net",
            "ip_configuration": [
              {
                "gateway_load_balancer_frontend_ip_configuration_id": "",
                "name": "primary",
                "primary": true,
                "private_ip_address": "10.0.1.4",
                "private_ip_address_allocation": "Dynamic",
                "private_ip_address_version": "IPv4",
                "public_ip_address_id": "",
                "subnet_id": "/subscriptions/dfe6d6ce-29bf-4977-8945-4fcde74032c6/resourceGroups/palo-testharness-rg/providers/Microsoft.Network/virtualNetworks/rmit-palo-test-vnet/subnets/sn-firewalls-private"
              }
            ],
            "ip_forwarding_enabled": true,
            "location": "australiaeast",
            "mac_address": "",
            "name": "fw-palo-02-private",
            "private_ip_address": "10.0.1.4",
            "private_ip_addresses": [
              "10.0.1.4"
            ],
            "resource_group_name": "rmit-paloalto-rg",
            "tags": {},
            "timeouts": null,
            "virtual_machine_id": ""
          },
          "sensitive_attributes": [],
          "identity_schema_version": 0,
          "identity": {
            "name": "fw-palo-02-private",
            "resource_group_name": "rmit-paloalto-rg",
            "subscription_id": "dfe6d6ce-29bf-4977-8945-4fcde74032c6"
          },
          "private": "eyJlMmJmYjczMC1lY2FhLTExZTYtOGY4OC0zNDM2M2JjN2M0YzAiOnsiY3JlYXRlIjoxODAwMDAwMDAwMDAwLCJkZWxldGUiOjE4MDAwMDAwMDAwMDAsInJlYWQiOjMwMDAwMDAwMDAwMCwidXBkYXRlIjoxODAwMDAwMDAwMDAwfX0=",
          "dependencies": [
            "azurerm_nat_gateway.nat",
            "azurerm_resource_group.rg",
            "azurerm_subnet.management",
            "azurerm_subnet.private",
            "azurerm_subnet.public",
            "azurerm_subnet_nat_gateway_association.management",
            "azurerm_virtual_network.vnet",
            "module.firewalls.azurerm_resource_group.firewalls",
            "module.firewalls.data.azurerm_subnet.management",
            "module.firewalls.data.azurerm_subnet.private",
            "module.firewalls.data.azurerm_subnet.public",
            "module.firewalls.data.azurerm_virtual_network.vnet",
            "module.firewalls.module.vmseries.azurerm_public_ip.this",
            "module.firewalls.module.vmseries.data.azurerm_public_ip.this"
          ]
        },
        {
          "index_key": "fw-palo-02-public",
          "schema_version": 0,
          "attributes": {
            "accelerated_networking_enabled": true,
            "applied_dns_servers": [],
            "auxiliary_mode": "",
            "auxiliary_sku": "",
            "dns_servers": [],
            "edge_zone": "",
            "id": "/subscriptions/dfe6d6ce-29bf-4977-8945-4fcde74032c6/resourceGroups/rmit-paloalto-rg/providers/Microsoft.Network/networkInterfaces/fw-palo-02-public",
            "internal_dns_name_label": "",
            "internal_domain_name_suffix": "yesrsvbkcjjulfvpvs5sgoepvb.px.internal.cloudapp.net",
            "ip_configuration": [
              {
                "gateway_load_balancer_frontend_ip_configuration_id": "",
                "name": "primary",
                "primary": true,
                "private_ip_address": "10.0.2.4",
                "private_ip_address_allocation": "Dynamic",
                "private_ip_address_version": "IPv4",
                "public_ip_address_id": "",
                "subnet_id": "/subscriptions/dfe6d6ce-29bf-4977-8945-4fcde74032c6/resourceGroups/palo-testharness-rg/providers/Microsoft.Network/virtualNetworks/rmit-palo-test-vnet/subnets/sn-firewalls-public"
              }
            ],
            "ip_forwarding_enabled": true,
            "location": "australiaeast",
            "mac_address": "",
            "name": "fw-palo-02-public",
            "private_ip_address": "10.0.2.4",
            "private_ip_addresses": [
              "10.0.2.4"
            ],
            "resource_group_name": "rmit-paloalto-rg",
            "tags": {},
            "timeouts": null,
            "virtual_machine_id": ""
          },
          "sensitive_attributes": [],
          "identity_schema_version": 0,
          "identity": {
            "name": "fw-palo-02-public",
            "resource_group_name": "rmit-paloalto-rg",
            "subscription_id": "dfe6d6ce-29bf-4977-8945-4fcde74032c6"
          },
          "private": "eyJlMmJmYjczMC1lY2FhLTExZTYtOGY4OC0zNDM2M2JjN2M0YzAiOnsiY3JlYXRlIjoxODAwMDAwMDAwMDAwLCJkZWxldGUiOjE4MDAwMDAwMDAwMDAsInJlYWQiOjMwMDAwMDAwMDAwMCwidXBkYXRlIjoxODAwMDAwMDAwMDAwfX0=",
          "dependencies": [
            "azurerm_nat_gateway.nat",
            "azurerm_resource_group.rg",
            "azurerm_subnet.management",
            "azurerm_subnet.private",
            "azurerm_subnet.public",
            "azurerm_subnet_nat_gateway_association.management",
            "azurerm_virtual_network.vnet",
            "module.firewalls.azurerm_resource_group.firewalls",
            "module.firewalls.data.azurerm_subnet.management",
            "module.firewalls.data.azurerm_subnet.private",
            "module.firewalls.data.azurerm_subnet.public",
            "module.firewalls.data.azurerm_virtual_network.vnet",
            "module.firewalls.module.vmseries.azurerm_public_ip.this",
            "module.firewalls.module.vmseries.data.azurerm_public_ip.this"
          ]
        }
      ]
    },
    {
      "module": "module.firewalls.module.vmseries[\"fw-palo-02\"]",
      "mode": "managed",
      "type": "azurerm_public_ip",
      "name": "this",
      "provider": "provider[\"registry.terraform.io/hashicorp/azurerm\"]",
      "instances": [
        {
          "index_key": "fw-palo-02-mgmt-primary",
          "schema_version": 0,
          "attributes": {
            "allocation_method": "Static",
            "ddos_protection_mode": "VirtualNetworkInherited",
            "ddos_protection_plan_id": null,
            "domain_name_label": null,
            "domain_name_label_scope": null,
            "edge_zone": "",
            "fqdn": null,
            "id": "/subscriptions/dfe6d6ce-29bf-4977-8945-4fcde74032c6/resourceGroups/rmit-paloalto-rg/providers/Microsoft.Network/publicIPAddresses/pip-fw-palo-02-mgmt",
            "idle_timeout_in_minutes": 4,
            "ip_address": "20.213.187.48",
            "ip_tags": {},
            "ip_version": "IPv4",
            "location": "australiaeast",
            "name": "pip-fw-palo-02-mgmt",
            "public_ip_prefix_id": null,
            "resource_group_name": "rmit-paloalto-rg",
            "reverse_fqdn": null,
            "sku": "Standard",
            "sku_tier": "Regional",
            "tags": {},
            "timeouts": null,
            "zones": [
              "2"
            ]
          },
          "sensitive_attributes": [],
          "identity_schema_version": 0,
          "identity": {
            "name": "pip-fw-palo-02-mgmt",
            "resource_group_name": "rmit-paloalto-rg",
            "subscription_id": "dfe6d6ce-29bf-4977-8945-4fcde74032c6"
          },
          "private": "eyJlMmJmYjczMC1lY2FhLTExZTYtOGY4OC0zNDM2M2JjN2M0YzAiOnsiY3JlYXRlIjoxODAwMDAwMDAwMDAwLCJkZWxldGUiOjE4MDAwMDAwMDAwMDAsInJlYWQiOjMwMDAwMDAwMDAwMCwidXBkYXRlIjoxODAwMDAwMDAwMDAwfX0=",
          "dependencies": [
            "azurerm_nat_gateway.nat",
            "azurerm_resource_group.rg",
            "azurerm_subnet.management",
            "azurerm_subnet.private",
            "azurerm_subnet.public",
            "azurerm_subnet_nat_gateway_association.management",
            "azurerm_virtual_network.vnet",
            "module.firewalls.azurerm_resource_group.firewalls",
            "module.firewalls.data.azurerm_subnet.management",
            "module.firewalls.data.azurerm_subnet.private",
            "module.firewalls.data.azurerm_subnet.public",
            "module.firewalls.data.azurerm_virtual_network.vnet"
          ]
        }
      ]
    }
  ],
  "check_results": [
    {
      "object_kind": "var",
      "config_addr": "module.firewalls.module.vmseries.var.virtual_machine",
      "status": "pass",
      "objects": [
        {
          "object_addr": "module.firewalls.module.vmseries[\"fw-palo-02\"].var.virtual_machine",
          "status": "pass"
        },
        {
          "object_addr": "module.firewalls.module.vmseries[\"fw-palo-01\"].var.virtual_machine",
          "status": "pass"
        }
      ]
    },
    {
      "object_kind": "var",
      "config_addr": "module.firewalls.module.vmseries.var.interfaces",
      "status": "pass",
      "objects": [
        {
          "object_addr": "module.firewalls.module.vmseries[\"fw-palo-01\"].var.interfaces",
          "status": "pass"
        },
        {
          "object_addr": "module.firewalls.module.vmseries[\"fw-palo-02\"].var.interfaces",
          "status": "pass"
        }
      ]
    },
    {
      "object_kind": "var",
      "config_addr": "module.firewalls.module.vmseries.var.image",
      "status": "pass",
      "objects": [
        {
          "object_addr": "module.firewalls.module.vmseries[\"fw-palo-02\"].var.image",
          "status": "pass"
        },
        {
          "object_addr": "module.firewalls.module.vmseries[\"fw-palo-01\"].var.image",
          "status": "pass"
        }
      ]
    }
  ]
}
